// !$*UTF8*$!
{
	archiveVersion = 1;
	classes = {
	};
	objectVersion = 55;
	objects = {

/* Begin PBXBuildFile section */
		809F97B5285879F300E84DD7 /* AppDelegate.swift in Sources */ = {isa = PBXBuildFile; fileRef = 809F97B4285879F300E84DD7 /* AppDelegate.swift */; };
		809F97B7285879F300E84DD7 /* SceneDelegate.swift in Sources */ = {isa = PBXBuildFile; fileRef = 809F97B6285879F300E84DD7 /* SceneDelegate.swift */; };
		809F97B9285879F300E84DD7 /* ViewController.swift in Sources */ = {isa = PBXBuildFile; fileRef = 809F97B8285879F300E84DD7 /* ViewController.swift */; };
		809F97BC285879F300E84DD7 /* Main.storyboard in Resources */ = {isa = PBXBuildFile; fileRef = 809F97BA285879F300E84DD7 /* Main.storyboard */; };
		809F97BF285879F300E84DD7 /* PlantyWorld.xcdatamodeld in Sources */ = {isa = PBXBuildFile; fileRef = 809F97BD285879F300E84DD7 /* PlantyWorld.xcdatamodeld */; };
		809F97C1285879F500E84DD7 /* Assets.xcassets in Resources */ = {isa = PBXBuildFile; fileRef = 809F97C0285879F500E84DD7 /* Assets.xcassets */; };
		809F97C4285879F500E84DD7 /* LaunchScreen.storyboard in Resources */ = {isa = PBXBuildFile; fileRef = 809F97C2285879F500E84DD7 /* LaunchScreen.storyboard */; };
		E4DC6F92CC852616CE60A5E4 /* Pods_PlantyWorld.framework in Frameworks */ = {isa = PBXBuildFile; fileRef = 7324FEF4128BCE1F6CB2B913 /* Pods_PlantyWorld.framework */; };
/* End PBXBuildFile section */

/* Begin PBXFileReference section */
		028CD96F77904254EB42D3C5 /* Pods-PlantyWorld.release.xcconfig */ = {isa = PBXFileReference; includeInIndex = 1; lastKnownFileType = text.xcconfig; name = "Pods-PlantyWorld.release.xcconfig"; path = "Target Support Files/Pods-PlantyWorld/Pods-PlantyWorld.release.xcconfig"; sourceTree = "<group>"; };
		7324FEF4128BCE1F6CB2B913 /* Pods_PlantyWorld.framework */ = {isa = PBXFileReference; explicitFileType = wrapper.framework; includeInIndex = 0; path = Pods_PlantyWorld.framework; sourceTree = BUILT_PRODUCTS_DIR; };
		809F97B1285879F300E84DD7 /* PlantyWorld.app */ = {isa = PBXFileReference; explicitFileType = wrapper.application; includeInIndex = 0; path = PlantyWorld.app; sourceTree = BUILT_PRODUCTS_DIR; };
		809F97B4285879F300E84DD7 /* AppDelegate.swift */ = {isa = PBXFileReference; lastKnownFileType = sourcecode.swift; path = AppDelegate.swift; sourceTree = "<group>"; };
		809F97B6285879F300E84DD7 /* SceneDelegate.swift */ = {isa = PBXFileReference; lastKnownFileType = sourcecode.swift; path = SceneDelegate.swift; sourceTree = "<group>"; };
		809F97B8285879F300E84DD7 /* ViewController.swift */ = {isa = PBXFileReference; lastKnownFileType = sourcecode.swift; path = ViewController.swift; sourceTree = "<group>"; };
		809F97BB285879F300E84DD7 /* Base */ = {isa = PBXFileReference; lastKnownFileType = file.storyboard; name = Base; path = Base.lproj/Main.storyboard; sourceTree = "<group>"; };
		809F97BE285879F300E84DD7 /* PlantyWorld.xcdatamodel */ = {isa = PBXFileReference; lastKnownFileType = wrapper.xcdatamodel; path = PlantyWorld.xcdatamodel; sourceTree = "<group>"; };
		809F97C0285879F500E84DD7 /* Assets.xcassets */ = {isa = PBXFileReference; lastKnownFileType = folder.assetcatalog; path = Assets.xcassets; sourceTree = "<group>"; };
		809F97C3285879F500E84DD7 /* Base */ = {isa = PBXFileReference; lastKnownFileType = file.storyboard; name = Base; path = Base.lproj/LaunchScreen.storyboard; sourceTree = "<group>"; };
		809F97C5285879F500E84DD7 /* Info.plist */ = {isa = PBXFileReference; lastKnownFileType = text.plist.xml; path = Info.plist; sourceTree = "<group>"; };
		EF1E7D370C3A451E85AA42C5 /* Pods-PlantyWorld.debug.xcconfig */ = {isa = PBXFileReference; includeInIndex = 1; lastKnownFileType = text.xcconfig; name = "Pods-PlantyWorld.debug.xcconfig"; path = "Target Support Files/Pods-PlantyWorld/Pods-PlantyWorld.debug.xcconfig"; sourceTree = "<group>"; };
/* End PBXFileReference section */

/* Begin PBXFrameworksBuildPhase section */
		809F97AE285879F300E84DD7 /* Frameworks */ = {
			isa = PBXFrameworksBuildPhase;
			buildActionMask = 2147483647;
			files = (
				E4DC6F92CC852616CE60A5E4 /* Pods_PlantyWorld.framework in Frameworks */,
			);
			runOnlyForDeploymentPostprocessing = 0;
		};
/* End PBXFrameworksBuildPhase section */

/* Begin PBXGroup section */
		809F97A8285879F300E84DD7 = {
			isa = PBXGroup;
			children = (
				809F97B3285879F300E84DD7 /* PlantyWorld */,
				809F97B2285879F300E84DD7 /* Products */,
				AF3B68E8EA64C6DF1856546C /* Pods */,
				ED819AFAE352ADD581617578 /* Frameworks */,
			);
			sourceTree = "<group>";
		};
		809F97B2285879F300E84DD7 /* Products */ = {
			isa = PBXGroup;
			children = (
				809F97B1285879F300E84DD7 /* PlantyWorld.app */,
			);
			name = Products;
			sourceTree = "<group>";
		};
		809F97B3285879F300E84DD7 /* PlantyWorld */ = {
			isa = PBXGroup;
			children = (
				809F97B4285879F300E84DD7 /* AppDelegate.swift */,
				809F97B6285879F300E84DD7 /* SceneDelegate.swift */,
				809F97B8285879F300E84DD7 /* ViewController.swift */,
				809F97BA285879F300E84DD7 /* Main.storyboard */,
				809F97C0285879F500E84DD7 /* Assets.xcassets */,
				809F97C2285879F500E84DD7 /* LaunchScreen.storyboard */,
				809F97C5285879F500E84DD7 /* Info.plist */,
				809F97BD285879F300E84DD7 /* PlantyWorld.xcdatamodeld */,
			);
			path = PlantyWorld;
			sourceTree = "<group>";
		};
		AF3B68E8EA64C6DF1856546C /* Pods */ = {
			isa = PBXGroup;
			children = (
				EF1E7D370C3A451E85AA42C5 /* Pods-PlantyWorld.debug.xcconfig */,
				028CD96F77904254EB42D3C5 /* Pods-PlantyWorld.release.xcconfig */,
			);
			name = Pods;
			path = Pods;
			sourceTree = "<group>";
		};
		ED819AFAE352ADD581617578 /* Frameworks */ = {
			isa = PBXGroup;
			children = (
				7324FEF4128BCE1F6CB2B913 /* Pods_PlantyWorld.framework */,
			);
			name = Frameworks;
			sourceTree = "<group>";
		};
/* End PBXGroup section */

/* Begin PBXNativeTarget section */
		809F97B0285879F300E84DD7 /* PlantyWorld */ = {
			isa = PBXNativeTarget;
			buildConfigurationList = 809F97C8285879F500E84DD7 /* Build configuration list for PBXNativeTarget "PlantyWorld" */;
			buildPhases = (
				B8E7F3B33DEAA3C1F4342549 /* [CP] Check Pods Manifest.lock */,
				809F97AD285879F300E84DD7 /* Sources */,
				809F97AE285879F300E84DD7 /* Frameworks */,
				809F97AF285879F300E84DD7 /* Resources */,
			);
			buildRules = (
			);
			dependencies = (
			);
			name = PlantyWorld;
			productName = PlantyWorld;
			productReference = 809F97B1285879F300E84DD7 /* PlantyWorld.app */;
			productType = "com.apple.product-type.application";
		};
/* End PBXNativeTarget section */

/* Begin PBXProject section */
		809F97A9285879F300E84DD7 /* Project object */ = {
			isa = PBXProject;
			attributes = {
				BuildIndependentTargetsInParallel = 1;
				LastSwiftUpdateCheck = 1340;
				LastUpgradeCheck = 1340;
				TargetAttributes = {
					809F97B0285879F300E84DD7 = {
						CreatedOnToolsVersion = 13.4;
					};
				};
			};
			buildConfigurationList = 809F97AC285879F300E84DD7 /* Build configuration list for PBXProject "PlantyWorld" */;
			compatibilityVersion = "Xcode 13.0";
			developmentRegion = en;
			hasScannedForEncodings = 0;
			knownRegions = (
				en,
				Base,
			);
			mainGroup = 809F97A8285879F300E84DD7;
			productRefGroup = 809F97B2285879F300E84DD7 /* Products */;
			projectDirPath = "";
			projectRoot = "";
			targets = (
				809F97B0285879F300E84DD7 /* PlantyWorld */,
			);
		};
/* End PBXProject section */

/* Begin PBXResourcesBuildPhase section */
		809F97AF285879F300E84DD7 /* Resources */ = {
			isa = PBXResourcesBuildPhase;
			buildActionMask = 2147483647;
			files = (
				809F97C4285879F500E84DD7 /* LaunchScreen.storyboard in Resources */,
				809F97C1285879F500E84DD7 /* Assets.xcassets in Resources */,
				809F97BC285879F300E84DD7 /* Main.storyboard in Resources */,
			);
			runOnlyForDeploymentPostprocessing = 0;
		};
/* End PBXResourcesBuildPhase section */

/* Begin PBXShellScriptBuildPhase section */
		B8E7F3B33DEAA3C1F4342549 /* [CP] Check Pods Manifest.lock */ = {
			isa = PBXShellScriptBuildPhase;
			buildActionMask = 2147483647;
			files = (
			);
			inputFileListPaths = (
			);
			inputPaths = (
				"${PODS_PODFILE_DIR_PATH}/Podfile.lock",
				"${PODS_ROOT}/Manifest.lock",
			);
			name = "[CP] Check Pods Manifest.lock";
			outputFileListPaths = (
			);
			outputPaths = (
				"$(DERIVED_FILE_DIR)/Pods-PlantyWorld-checkManifestLockResult.txt",
			);
			runOnlyForDeploymentPostprocessing = 0;
			shellPath = /bin/sh;
			shellScript = "diff \"${PODS_PODFILE_DIR_PATH}/Podfile.lock\" \"${PODS_ROOT}/Manifest.lock\" > /dev/null\nif [ $? != 0 ] ; then\n    # print error to STDERR\n    echo \"error: The sandbox is not in sync with the Podfile.lock. Run 'pod install' or update your CocoaPods installation.\" >&2\n    exit 1\nfi\n# This output is used by Xcode 'outputs' to avoid re-running this script phase.\necho \"SUCCESS\" > \"${SCRIPT_OUTPUT_FILE_0}\"\n";
			showEnvVarsInLog = 0;
		};
/* End PBXShellScriptBuildPhase section */

/* Begin PBXSourcesBuildPhase section */
		809F97AD285879F300E84DD7 /* Sources */ = {
			isa = PBXSourcesBuildPhase;
			buildActionMask = 2147483647;
			files = (
				809F97BF285879F300E84DD7 /* PlantyWorld.xcdatamodeld in Sources */,
				809F97B9285879F300E84DD7 /* ViewController.swift in Sources */,
				809F97B5285879F300E84DD7 /* AppDelegate.swift in Sources */,
				809F97B7285879F300E84DD7 /* SceneDelegate.swift in Sources */,
			);
			runOnlyForDeploymentPostprocessing = 0;
		};
/* End PBXSourcesBuildPhase section */

/* Begin PBXVariantGroup section */
		809F97BA285879F300E84DD7 /* Main.storyboard */ = {
			isa = PBXVariantGroup;
			children = (
				809F97BB285879F300E84DD7 /* Base */,
			);
			name = Main.storyboard;
			sourceTree = "<group>";
		};
		809F97C2285879F500E84DD7 /* LaunchScreen.storyboard */ = {
			isa = PBXVariantGroup;
			children = (
				809F97C3285879F500E84DD7 /* Base */,
			);
			name = LaunchScreen.storyboard;
			sourceTree = "<group>";
		};
/* End PBXVariantGroup section */

/* Begin XCBuildConfiguration section */
		809F97C6285879F500E84DD7 /* Debug */ = {
			isa = XCBuildConfiguration;
			buildSettings = {
				ALWAYS_SEARCH_USER_PATHS = NO;
				CLANG_ANALYZER_NONNULL = YES;
				CLANG_ANALYZER_NUMBER_OBJECT_CONVERSION = YES_AGGRESSIVE;
				CLANG_CXX_LANGUAGE_STANDARD = "gnu++17";
				CLANG_ENABLE_MODULES = YES;
				CLANG_ENABLE_OBJC_ARC = YES;
				CLANG_ENABLE_OBJC_WEAK = YES;
				CLANG_WARN_BLOCK_CAPTURE_AUTORELEASING = YES;
				CLANG_WARN_BOOL_CONVERSION = YES;
				CLANG_WARN_COMMA = YES;
				CLANG_WARN_CONSTANT_CONVERSION = YES;
				CLANG_WARN_DEPRECATED_OBJC_IMPLEMENTATIONS = YES;
				CLANG_WARN_DIRECT_OBJC_ISA_USAGE = YES_ERROR;
				CLANG_WARN_DOCUMENTATION_COMMENTS = YES;
				CLANG_WARN_EMPTY_BODY = YES;
				CLANG_WARN_ENUM_CONVERSION = YES;
				CLANG_WARN_INFINITE_RECURSION = YES;
				CLANG_WARN_INT_CONVERSION = YES;
				CLANG_WARN_NON_LITERAL_NULL_CONVERSION = YES;
				CLANG_WARN_OBJC_IMPLICIT_RETAIN_SELF = YES;
				CLANG_WARN_OBJC_LITERAL_CONVERSION = YES;
				CLANG_WARN_OBJC_ROOT_CLASS = YES_ERROR;
				CLANG_WARN_QUOTED_INCLUDE_IN_FRAMEWORK_HEADER = YES;
				CLANG_WARN_RANGE_LOOP_ANALYSIS = YES;
				CLANG_WARN_STRICT_PROTOTYPES = YES;
				CLANG_WARN_SUSPICIOUS_MOVE = YES;
				CLANG_WARN_UNGUARDED_AVAILABILITY = YES_AGGRESSIVE;
				CLANG_WARN_UNREACHABLE_CODE = YES;
				CLANG_WARN__DUPLICATE_METHOD_MATCH = YES;
				COPY_PHASE_STRIP = NO;
				DEBUG_INFORMATION_FORMAT = dwarf;
				ENABLE_STRICT_OBJC_MSGSEND = YES;
				ENABLE_TESTABILITY = YES;
				GCC_C_LANGUAGE_STANDARD = gnu11;
				GCC_DYNAMIC_NO_PIC = NO;
				GCC_NO_COMMON_BLOCKS = YES;
				GCC_OPTIMIZATION_LEVEL = 0;
				GCC_PREPROCESSOR_DEFINITIONS = (
					"DEBUG=1",
					"$(inherited)",
				);
				GCC_WARN_64_TO_32_BIT_CONVERSION = YES;
				GCC_WARN_ABOUT_RETURN_TYPE = YES_ERROR;
				GCC_WARN_UNDECLARED_SELECTOR = YES;
				GCC_WARN_UNINITIALIZED_AUTOS = YES_AGGRESSIVE;
				GCC_WARN_UNUSED_FUNCTION = YES;
				GCC_WARN_UNUSED_VARIABLE = YES;
				IPHONEOS_DEPLOYMENT_TARGET = 15.5;
				MTL_ENABLE_DEBUG_INFO = INCLUDE_SOURCE;
				MTL_FAST_MATH = YES;
				ONLY_ACTIVE_ARCH = YES;
				SDKROOT = iphoneos;
				SWIFT_ACTIVE_COMPILATION_CONDITIONS = DEBUG;
				SWIFT_OPTIMIZATION_LEVEL = "-Onone";
			};
			name = Debug;
		};
		809F97C7285879F500E84DD7 /* Release */ = {
			isa = XCBuildConfiguration;
			buildSettings = {
				ALWAYS_SEARCH_USER_PATHS = NO;
				CLANG_ANALYZER_NONNULL = YES;
				CLANG_ANALYZER_NUMBER_OBJECT_CONVERSION = YES_AGGRESSIVE;
				CLANG_CXX_LANGUAGE_STANDARD = "gnu++17";
				CLANG_ENABLE_MODULES = YES;
				CLANG_ENABLE_OBJC_ARC = YES;
				CLANG_ENABLE_OBJC_WEAK = YES;
				CLANG_WARN_BLOCK_CAPTURE_AUTORELEASING = YES;
				CLANG_WARN_BOOL_CONVERSION = YES;
				CLANG_WARN_COMMA = YES;
				CLANG_WARN_CONSTANT_CONVERSION = YES;
				CLANG_WARN_DEPRECATED_OBJC_IMPLEMENTATIONS = YES;
				CLANG_WARN_DIRECT_OBJC_ISA_USAGE = YES_ERROR;
				CLANG_WARN_DOCUMENTATION_COMMENTS = YES;
				CLANG_WARN_EMPTY_BODY = YES;
				CLANG_WARN_ENUM_CONVERSION = YES;
				CLANG_WARN_INFINITE_RECURSION = YES;
				CLANG_WARN_INT_CONVERSION = YES;
				CLANG_WARN_NON_LITERAL_NULL_CONVERSION = YES;
				CLANG_WARN_OBJC_IMPLICIT_RETAIN_SELF = YES;
				CLANG_WARN_OBJC_LITERAL_CONVERSION = YES;
				CLANG_WARN_OBJC_ROOT_CLASS = YES_ERROR;
				CLANG_WARN_QUOTED_INCLUDE_IN_FRAMEWORK_HEADER = YES;
				CLANG_WARN_RANGE_LOOP_ANALYSIS = YES;
				CLANG_WARN_STRICT_PROTOTYPES = YES;
				CLANG_WARN_SUSPICIOUS_MOVE = YES;
				CLANG_WARN_UNGUARDED_AVAILABILITY = YES_AGGRESSIVE;
				CLANG_WARN_UNREACHABLE_CODE = YES;
				CLANG_WARN__DUPLICATE_METHOD_MATCH = YES;
				COPY_PHASE_STRIP = NO;
				DEBUG_INFORMATION_FORMAT = "dwarf-with-dsym";
				ENABLE_NS_ASSERTIONS = NO;
				ENABLE_STRICT_OBJC_MSGSEND = YES;
				GCC_C_LANGUAGE_STANDARD = gnu11;
				GCC_NO_COMMON_BLOCKS = YES;
				GCC_WARN_64_TO_32_BIT_CONVERSION = YES;
				GCC_WARN_ABOUT_RETURN_TYPE = YES_ERROR;
				GCC_WARN_UNDECLARED_SELECTOR = YES;
				GCC_WARN_UNINITIALIZED_AUTOS = YES_AGGRESSIVE;
				GCC_WARN_UNUSED_FUNCTION = YES;
				GCC_WARN_UNUSED_VARIABLE = YES;
				IPHONEOS_DEPLOYMENT_TARGET = 15.5;
				MTL_ENABLE_DEBUG_INFO = NO;
				MTL_FAST_MATH = YES;
				SDKROOT = iphoneos;
				SWIFT_COMPILATION_MODE = wholemodule;
				SWIFT_OPTIMIZATION_LEVEL = "-O";
				VALIDATE_PRODUCT = YES;
			};
			name = Release;
		};
		809F97C9285879F500E84DD7 /* Debug */ = {
			isa = XCBuildConfiguration;
			baseConfigurationReference = EF1E7D370C3A451E85AA42C5 /* Pods-PlantyWorld.debug.xcconfig */;
			buildSettings = {
				ASSETCATALOG_COMPILER_APPICON_NAME = AppIcon;
				ASSETCATALOG_COMPILER_GLOBAL_ACCENT_COLOR_NAME = AccentColor;
				CODE_SIGN_STYLE = Automatic;
				CURRENT_PROJECT_VERSION = 1;
				DEVELOPMENT_TEAM = SN648B7298;
				GENERATE_INFOPLIST_FILE = YES;
				INFOPLIST_FILE = PlantyWorld/Info.plist;
				INFOPLIST_KEY_UIApplicationSupportsIndirectInputEvents = YES;
				INFOPLIST_KEY_UILaunchStoryboardName = LaunchScreen;
				INFOPLIST_KEY_UIMainStoryboardFile = Main;
				INFOPLIST_KEY_UISupportedInterfaceOrientations_iPad = "UIInterfaceOrientationPortrait UIInterfaceOrientationPortraitUpsideDown UIInterfaceOrientationLandscapeLeft UIInterfaceOrientationLandscapeRight";
				INFOPLIST_KEY_UISupportedInterfaceOrientations_iPhone = "UIInterfaceOrientationPortrait UIInterfaceOrientationLandscapeLeft UIInterfaceOrientationLandscapeRight";
				LD_RUNPATH_SEARCH_PATHS = (
					"$(inherited)",
					"@executable_path/Frameworks",
				);
				MARKETING_VERSION = 1.0;
				PRODUCT_BUNDLE_IDENTIFIER = com.yang.PlantyWorld;
				PRODUCT_NAME = "$(TARGET_NAME)";
				SWIFT_EMIT_LOC_STRINGS = YES;
				SWIFT_VERSION = 5.0;
				TARGETED_DEVICE_FAMILY = "1,2";
			};
			name = Debug;
		};
		809F97CA285879F500E84DD7 /* Release */ = {
			isa = XCBuildConfiguration;
			baseConfigurationReference = 028CD96F77904254EB42D3C5 /* Pods-PlantyWorld.release.xcconfig */;
			buildSettings = {
				ASSETCATALOG_COMPILER_APPICON_NAME = AppIcon;
				ASSETCATALOG_COMPILER_GLOBAL_ACCENT_COLOR_NAME = AccentColor;
				CODE_SIGN_STYLE = Automatic;
				CURRENT_PROJECT_VERSION = 1;
				DEVELOPMENT_TEAM = SN648B7298;
				GENERATE_INFOPLIST_FILE = YES;
				INFOPLIST_FILE = PlantyWorld/Info.plist;
				INFOPLIST_KEY_UIApplicationSupportsIndirectInputEvents = YES;
				INFOPLIST_KEY_UILaunchStoryboardName = LaunchScreen;
				INFOPLIST_KEY_UIMainStoryboardFile = Main;
				INFOPLIST_KEY_UISupportedInterfaceOrientations_iPad = "UIInterfaceOrientationPortrait UIInterfaceOrientationPortraitUpsideDown UIInterfaceOrientationLandscapeLeft UIInterfaceOrientationLandscapeRight";
				INFOPLIST_KEY_UISupportedInterfaceOrientations_iPhone = "UIInterfaceOrientationPortrait UIInterfaceOrientationLandscapeLeft UIInterfaceOrientationLandscapeRight";
				LD_RUNPATH_SEARCH_PATHS = (
					"$(inherited)",
					"@executable_path/Frameworks",
				);
				MARKETING_VERSION = 1.0;
				PRODUCT_BUNDLE_IDENTIFIER = com.yang.PlantyWorld;
				PRODUCT_NAME = "$(TARGET_NAME)";
				SWIFT_EMIT_LOC_STRINGS = YES;
				SWIFT_VERSION = 5.0;
				TARGETED_DEVICE_FAMILY = "1,2";
			};
			name = Release;
		};
/* End XCBuildConfiguration section */

/* Begin XCConfigurationList section */
		809F97AC285879F300E84DD7 /* Build configuration list for PBXProject "PlantyWorld" */ = {
			isa = XCConfigurationList;
			buildConfigurations = (
				809F97C6285879F500E84DD7 /* Debug */,
				809F97C7285879F500E84DD7 /* Release */,
			);
			defaultConfigurationIsVisible = 0;
			defaultConfigurationName = Release;
		};
		809F97C8285879F500E84DD7 /* Build configuration list for PBXNativeTarget "PlantyWorld" */ = {
			isa = XCConfigurationList;
			buildConfigurations = (
				809F97C9285879F500E84DD7 /* Debug */,
				809F97CA285879F500E84DD7 /* Release */,
			);
			defaultConfigurationIsVisible = 0;
			defaultConfigurationName = Release;
		};
/* End XCConfigurationList section */

/* Begin XCVersionGroup section */
		809F97BD285879F300E84DD7 /* PlantyWorld.xcdatamodeld */ = {
			isa = XCVersionGroup;
			children = (
				809F97BE285879F300E84DD7 /* PlantyWorld.xcdatamodel */,
			);
			currentVersion = 809F97BE285879F300E84DD7 /* PlantyWorld.xcdatamodel */;
			path = PlantyWorld.xcdatamodeld;
			sourceTree = "<group>";
			versionGroupType = wrapper.xcdatamodel;
		};
/* End XCVersionGroup section */
	};
	rootObject = 809F97A9285879F300E84DD7 /* Project object */;
}
